
Microsoft Visual Studio Solution File, Format Version 12.00
# Visual Studio Version 17
VisualStudioVersion = 17.2.32630.192
MinimumVisualStudioVersion = 10.0.40219.1
Project("{FAE04EC0-301F-11D3-BF4B-00C04F79EFBC}") = "StopWatch", "StopWatch\StopWatch.csproj", "{4A63658D-05E0-4CB5-A8A8-B02F8C13E71A}"
EndProject
Global
	GlobalSection(SolutionConfigurationPlatforms) = preSolution
		Debug|Any CPU = Debug|Any CPU
		Release|Any CPU = Release|Any CPU
	EndGlobalSection
	GlobalSection(ProjectConfigurationPlatforms) = postSolution
		{4A63658D-05E0-4CB5-A8A8-B02F8C13E71A}.Debug|Any CPU.ActiveCfg = Debug|Any CPU
		{4A63658D-05E0-4CB5-A8A8-B02F8C13E71A}.Debug|Any CPU.Build.0 = Debug|Any CPU
		{4A63658D-05E0-4CB5-A8A8-B02F8C13E71A}.Release|Any CPU.ActiveCfg = Release|Any CPU
		{4A63658D-05E0-4CB5-A8A8-B02F8C13E71A}.Release|Any CPU.Build.0 = Release|Any CPU
	EndGlobalSection
	GlobalSection(SolutionProperties) = preSolution
		HideSolutionNode = FALSE
	EndGlobalSection
	GlobalSection(ExtensibilityGlobals) = postSolution
		SolutionGuid = {920F0AA3-B26F-4AEB-B44E-6A2A0A8AE3EC}
	EndGlobalSection
EndGlobal
